
Microsoft Visual Studio Solution File, Format Version 12.00
# Visual Studio Version 17
VisualStudioVersion = 17.0.31903.59
MinimumVisualStudioVersion = 10.0.40219.1
Project("{2150E333-8FDC-42A3-9474-1A3956D46DE8}") = "src", "src", "{8E43F0A2-E2C3-442B-9983-A2A400379D67}"
EndProject
Project("{FAE04EC0-301F-11D3-BF4B-00C04F79EFBC}") = "ALX.Compiler", "src\ALX.Compiler\ALX.Compiler.csproj", "{5E50C7B9-FA9B-480D-989C-0BDBFAA9E668}"
EndProject
Project("{FAE04EC0-301F-11D3-BF4B-00C04F79EFBC}") = "ALX.Runtime", "src\ALX.Runtime\ALX.Runtime.csproj", "{07A02DE8-ED4B-43D3-8F34-5514DC6B8560}"
EndProject
Project("{FAE04EC0-301F-11D3-BF4B-00C04F79EFBC}") = "ALX.CLI", "src\ALX.CLI\ALX.CLI.csproj", "{B32A62B9-BFE9-48AE-A312-33CFE721931C}"
EndProject
Project("{FAE04EC0-301F-11D3-BF4B-00C04F79EFBC}") = "ALX.StandardLibrary", "src\ALX.StandardLibrary\ALX.StandardLibrary.csproj", "{BCBFBAA5-5CA7-48FB-85C9-A4A7966029D2}"
EndProject
Project("{2150E333-8FDC-42A3-9474-1A3956D46DE8}") = "tests", "tests", "{F06FCFF5-53A6-4782-B68A-036B349CDB55}"
EndProject
Project("{FAE04EC0-301F-11D3-BF4B-00C04F79EFBC}") = "ALX.Compiler.Tests", "tests\ALX.Compiler.Tests\ALX.Compiler.Tests.csproj", "{546F37C1-10C0-487E-A3DA-38E60ABB57DF}"
EndProject
Project("{FAE04EC0-301F-11D3-BF4B-00C04F79EFBC}") = "ALX.Runtime.Tests", "tests\ALX.Runtime.Tests\ALX.Runtime.Tests.csproj", "{3BDC7D38-8723-4A13-A449-A608A53877AD}"
EndProject
Project("{FAE04EC0-301F-11D3-BF4B-00C04F79EFBC}") = "ALX.Integration.Tests", "tests\ALX.Integration.Tests\ALX.Integration.Tests.csproj", "{55DE4772-2625-4E85-87B4-93A7979D29F9}"
EndProject
Global
	GlobalSection(SolutionConfigurationPlatforms) = preSolution
		Debug|Any CPU = Debug|Any CPU
		Release|Any CPU = Release|Any CPU
	EndGlobalSection
	GlobalSection(SolutionProperties) = preSolution
		HideSolutionNode = FALSE
	EndGlobalSection
	GlobalSection(ProjectConfigurationPlatforms) = postSolution
		{5E50C7B9-FA9B-480D-989C-0BDBFAA9E668}.Debug|Any CPU.ActiveCfg = Debug|Any CPU
		{5E50C7B9-FA9B-480D-989C-0BDBFAA9E668}.Debug|Any CPU.Build.0 = Debug|Any CPU
		{5E50C7B9-FA9B-480D-989C-0BDBFAA9E668}.Release|Any CPU.ActiveCfg = Release|Any CPU
		{5E50C7B9-FA9B-480D-989C-0BDBFAA9E668}.Release|Any CPU.Build.0 = Release|Any CPU
		{07A02DE8-ED4B-43D3-8F34-5514DC6B8560}.Debug|Any CPU.ActiveCfg = Debug|Any CPU
		{07A02DE8-ED4B-43D3-8F34-5514DC6B8560}.Debug|Any CPU.Build.0 = Debug|Any CPU
		{07A02DE8-ED4B-43D3-8F34-5514DC6B8560}.Release|Any CPU.ActiveCfg = Release|Any CPU
		{07A02DE8-ED4B-43D3-8F34-5514DC6B8560}.Release|Any CPU.Build.0 = Release|Any CPU
		{B32A62B9-BFE9-48AE-A312-33CFE721931C}.Debug|Any CPU.ActiveCfg = Debug|Any CPU
		{B32A62B9-BFE9-48AE-A312-33CFE721931C}.Debug|Any CPU.Build.0 = Debug|Any CPU
		{B32A62B9-BFE9-48AE-A312-33CFE721931C}.Release|Any CPU.ActiveCfg = Release|Any CPU
		{B32A62B9-BFE9-48AE-A312-33CFE721931C}.Release|Any CPU.Build.0 = Release|Any CPU
		{BCBFBAA5-5CA7-48FB-85C9-A4A7966029D2}.Debug|Any CPU.ActiveCfg = Debug|Any CPU
		{BCBFBAA5-5CA7-48FB-85C9-A4A7966029D2}.Debug|Any CPU.Build.0 = Debug|Any CPU
		{BCBFBAA5-5CA7-48FB-85C9-A4A7966029D2}.Release|Any CPU.ActiveCfg = Release|Any CPU
		{BCBFBAA5-5CA7-48FB-85C9-A4A7966029D2}.Release|Any CPU.Build.0 = Release|Any CPU
		{546F37C1-10C0-487E-A3DA-38E60ABB57DF}.Debug|Any CPU.ActiveCfg = Debug|Any CPU
		{546F37C1-10C0-487E-A3DA-38E60ABB57DF}.Debug|Any CPU.Build.0 = Debug|Any CPU
		{546F37C1-10C0-487E-A3DA-38E60ABB57DF}.Release|Any CPU.ActiveCfg = Release|Any CPU
		{546F37C1-10C0-487E-A3DA-38E60ABB57DF}.Release|Any CPU.Build.0 = Release|Any CPU
		{3BDC7D38-8723-4A13-A449-A608A53877AD}.Debug|Any CPU.ActiveCfg = Debug|Any CPU
		{3BDC7D38-8723-4A13-A449-A608A53877AD}.Debug|Any CPU.Build.0 = Debug|Any CPU
		{3BDC7D38-8723-4A13-A449-A608A53877AD}.Release|Any CPU.ActiveCfg = Release|Any CPU
		{3BDC7D38-8723-4A13-A449-A608A53877AD}.Release|Any CPU.Build.0 = Release|Any CPU
		{55DE4772-2625-4E85-87B4-93A7979D29F9}.Debug|Any CPU.ActiveCfg = Debug|Any CPU
		{55DE4772-2625-4E85-87B4-93A7979D29F9}.Debug|Any CPU.Build.0 = Debug|Any CPU
		{55DE4772-2625-4E85-87B4-93A7979D29F9}.Release|Any CPU.ActiveCfg = Release|Any CPU
		{55DE4772-2625-4E85-87B4-93A7979D29F9}.Release|Any CPU.Build.0 = Release|Any CPU
	EndGlobalSection
	GlobalSection(NestedProjects) = preSolution
		{5E50C7B9-FA9B-480D-989C-0BDBFAA9E668} = {8E43F0A2-E2C3-442B-9983-A2A400379D67}
		{07A02DE8-ED4B-43D3-8F34-5514DC6B8560} = {8E43F0A2-E2C3-442B-9983-A2A400379D67}
		{B32A62B9-BFE9-48AE-A312-33CFE721931C} = {8E43F0A2-E2C3-442B-9983-A2A400379D67}
		{BCBFBAA5-5CA7-48FB-85C9-A4A7966029D2} = {8E43F0A2-E2C3-442B-9983-A2A400379D67}
		{546F37C1-10C0-487E-A3DA-38E60ABB57DF} = {F06FCFF5-53A6-4782-B68A-036B349CDB55}
		{3BDC7D38-8723-4A13-A449-A608A53877AD} = {F06FCFF5-53A6-4782-B68A-036B349CDB55}
		{55DE4772-2625-4E85-87B4-93A7979D29F9} = {F06FCFF5-53A6-4782-B68A-036B349CDB55}
	EndGlobalSection
EndGlobal
